
Microsoft Visual Studio Solution File, Format Version 12.00
# Visual Studio Version 16
VisualStudioVersion = 16.0.31515.178
MinimumVisualStudioVersion = 10.0.40219.1
Project("{FAE04EC0-301F-11D3-BF4B-00C04F79EFBC}") = "Dotnetman", "Dotnetman\Dotnetman.csproj", "{CC890E06-E99A-414D-B3C7-9597C8E4F9D3}"
EndProject
Global
	GlobalSection(SolutionConfigurationPlatforms) = preSolution
		Debug|Any CPU = Debug|Any CPU
		Release|Any CPU = Release|Any CPU
	EndGlobalSection
	GlobalSection(ProjectConfigurationPlatforms) = postSolution
		{CC890E06-E99A-414D-B3C7-9597C8E4F9D3}.Debug|Any CPU.ActiveCfg = Debug|Any CPU
		{CC890E06-E99A-414D-B3C7-9597C8E4F9D3}.Debug|Any CPU.Build.0 = Debug|Any CPU
		{CC890E06-E99A-414D-B3C7-9597C8E4F9D3}.Release|Any CPU.ActiveCfg = Release|Any CPU
		{CC890E06-E99A-414D-B3C7-9597C8E4F9D3}.Release|Any CPU.Build.0 = Release|Any CPU
	EndGlobalSection
	GlobalSection(SolutionProperties) = preSolution
		HideSolutionNode = FALSE
	EndGlobalSection
	GlobalSection(ExtensibilityGlobals) = postSolution
		SolutionGuid = {A73DCE69-FE8E-4E5E-92F3-EAFDB469C245}
	EndGlobalSection
EndGlobal
